
Microsoft Visual Studio Solution File, Format Version 12.00
Project("{FAE04EC0-301F-11D3-BF4B-00C04F79EFBC}") = "TopSystemGeometricShapes", "TopSystemGeometricShapes\TopSystemGeometricShapes.csproj", "{F98C1CFA-1161-4EFE-A375-821AF6722A52}"
EndProject
Global
	GlobalSection(SolutionConfigurationPlatforms) = preSolution
		Debug|Any CPU = Debug|Any CPU
		Release|Any CPU = Release|Any CPU
	EndGlobalSection
	GlobalSection(ProjectConfigurationPlatforms) = postSolution
		{F98C1CFA-1161-4EFE-A375-821AF6722A52}.Debug|Any CPU.ActiveCfg = Debug|Any CPU
		{F98C1CFA-1161-4EFE-A375-821AF6722A52}.Debug|Any CPU.Build.0 = Debug|Any CPU
		{F98C1CFA-1161-4EFE-A375-821AF6722A52}.Release|Any CPU.ActiveCfg = Release|Any CPU
		{F98C1CFA-1161-4EFE-A375-821AF6722A52}.Release|Any CPU.Build.0 = Release|Any CPU
	EndGlobalSection
EndGlobal
